
Microsoft Visual Studio Solution File, Format Version 12.00
# Visual Studio Version 16
VisualStudioVersion = 16.0.30413.136
MinimumVisualStudioVersion = 10.0.40219.1
Project("{FAE04EC0-301F-11D3-BF4B-00C04F79EFBC}") = "ADC", "ADC\ADC.csproj", "{E68B36ED-1EB2-43DC-96C2-58202ED2E4D1}"
EndProject
Global
	GlobalSection(SolutionConfigurationPlatforms) = preSolution
		Debug|Any CPU = Debug|Any CPU
		Release|Any CPU = Release|Any CPU
	EndGlobalSection
	GlobalSection(ProjectConfigurationPlatforms) = postSolution
		{E68B36ED-1EB2-43DC-96C2-58202ED2E4D1}.Debug|Any CPU.ActiveCfg = Debug|Any CPU
		{E68B36ED-1EB2-43DC-96C2-58202ED2E4D1}.Debug|Any CPU.Build.0 = Debug|Any CPU
		{E68B36ED-1EB2-43DC-96C2-58202ED2E4D1}.Release|Any CPU.ActiveCfg = Release|Any CPU
		{E68B36ED-1EB2-43DC-96C2-58202ED2E4D1}.Release|Any CPU.Build.0 = Release|Any CPU
	EndGlobalSection
	GlobalSection(SolutionProperties) = preSolution
		HideSolutionNode = FALSE
	EndGlobalSection
	GlobalSection(ExtensibilityGlobals) = postSolution
		SolutionGuid = {6A62564E-D1E8-4B91-9E26-7384EB17EA41}
	EndGlobalSection
EndGlobal
